// !$*UTF8*$!
{
	archiveVersion = 1;
	classes = {
	};
	objectVersion = 55;
	objects = {

/* Begin PBXBuildFile section */
		7C30188727B4C02D008F8A5F /* AppDelegate.m in Sources */ = {isa = PBXBuildFile; fileRef = 7C30188627B4C02D008F8A5F /* AppDelegate.m */; };
		7C30188A27B4C02D008F8A5F /* SceneDelegate.m in Sources */ = {isa = PBXBuildFile; fileRef = 7C30188927B4C02D008F8A5F /* SceneDelegate.m */; };
		7C30188D27B4C02D008F8A5F /* ViewController.m in Sources */ = {isa = PBXBuildFile; fileRef = 7C30188C27B4C02D008F8A5F /* ViewController.m */; };
		7C30189027B4C02D008F8A5F /* Main.storyboard in Resources */ = {isa = PBXBuildFile; fileRef = 7C30188E27B4C02D008F8A5F /* Main.storyboard */; };
		7C30189227B4C02E008F8A5F /* Assets.xcassets in Resources */ = {isa = PBXBuildFile; fileRef = 7C30189127B4C02E008F8A5F /* Assets.xcassets */; };
		7C30189527B4C02E008F8A5F /* LaunchScreen.storyboard in Resources */ = {isa = PBXBuildFile; fileRef = 7C30189327B4C02E008F8A5F /* LaunchScreen.storyboard */; };
		7C30189827B4C02E008F8A5F /* main.m in Sources */ = {isa = PBXBuildFile; fileRef = 7C30189727B4C02E008F8A5F /* main.m */; };
		7C3018A027B4FF65008F8A5F /* AAViewController.m in Sources */ = {isa = PBXBuildFile; fileRef = 7C30189F27B4FF65008F8A5F /* AAViewController.m */; };
/* End PBXBuildFile section */

/* Begin PBXFileReference section */
		7C30188227B4C02D008F8A5F /* testinvoke.app */ = {isa = PBXFileReference; explicitFileType = wrapper.application; includeInIndex = 0; path = testinvoke.app; sourceTree = BUILT_PRODUCTS_DIR; };
		7C30188527B4C02D008F8A5F /* AppDelegate.h */ = {isa = PBXFileReference; lastKnownFileType = sourcecode.c.h; path = AppDelegate.h; sourceTree = "<group>"; };
		7C30188627B4C02D008F8A5F /* AppDelegate.m */ = {isa = PBXFileReference; lastKnownFileType = sourcecode.c.objc; path = AppDelegate.m; sourceTree = "<group>"; };
		7C30188827B4C02D008F8A5F /* SceneDelegate.h */ = {isa = PBXFileReference; lastKnownFileType = sourcecode.c.h; path = SceneDelegate.h; sourceTree = "<group>"; };
		7C30188927B4C02D008F8A5F /* SceneDelegate.m */ = {isa = PBXFileReference; lastKnownFileType = sourcecode.c.objc; path = SceneDelegate.m; sourceTree = "<group>"; };
		7C30188B27B4C02D008F8A5F /* ViewController.h */ = {isa = PBXFileReference; lastKnownFileType = sourcecode.c.h; path = ViewController.h; sourceTree = "<group>"; };
		7C30188C27B4C02D008F8A5F /* ViewController.m */ = {isa = PBXFileReference; lastKnownFileType = sourcecode.c.objc; path = ViewController.m; sourceTree = "<group>"; };
		7C30188F27B4C02D008F8A5F /* Base */ = {isa = PBXFileReference; lastKnownFileType = file.storyboard; name = Base; path = Base.lproj/Main.storyboard; sourceTree = "<group>"; };
		7C30189127B4C02E008F8A5F /* Assets.xcassets */ = {isa = PBXFileReference; lastKnownFileType = folder.assetcatalog; path = Assets.xcassets; sourceTree = "<group>"; };
		7C30189427B4C02E008F8A5F /* Base */ = {isa = PBXFileReference; lastKnownFileType = file.storyboard; name = Base; path = Base.lproj/LaunchScreen.storyboard; sourceTree = "<group>"; };
		7C30189627B4C02E008F8A5F /* Info.plist */ = {isa = PBXFileReference; lastKnownFileType = text.plist.xml; path = Info.plist; sourceTree = "<group>"; };
		7C30189727B4C02E008F8A5F /* main.m */ = {isa = PBXFileReference; lastKnownFileType = sourcecode.c.objc; path = main.m; sourceTree = "<group>"; };
		7C30189E27B4FF65008F8A5F /* AAViewController.h */ = {isa = PBXFileReference; lastKnownFileType = sourcecode.c.h; path = AAViewController.h; sourceTree = "<group>"; };
		7C30189F27B4FF65008F8A5F /* AAViewController.m */ = {isa = PBXFileReference; lastKnownFileType = sourcecode.c.objc; path = AAViewController.m; sourceTree = "<group>"; };
/* End PBXFileReference section */

/* Begin PBXFrameworksBuildPhase section */
		7C30187F27B4C02D008F8A5F /* Frameworks */ = {
			isa = PBXFrameworksBuildPhase;
			buildActionMask = 2147483647;
			files = (
			);
			runOnlyForDeploymentPostprocessing = 0;
		};
/* End PBXFrameworksBuildPhase section */

/* Begin PBXGroup section */
		7C30187927B4C02C008F8A5F = {
			isa = PBXGroup;
			children = (
				7C30188427B4C02D008F8A5F /* testinvoke */,
				7C30188327B4C02D008F8A5F /* Products */,
			);
			sourceTree = "<group>";
		};
		7C30188327B4C02D008F8A5F /* Products */ = {
			isa = PBXGroup;
			children = (
				7C30188227B4C02D008F8A5F /* testinvoke.app */,
			);
			name = Products;
			sourceTree = "<group>";
		};
		7C30188427B4C02D008F8A5F /* testinvoke */ = {
			isa = PBXGroup;
			children = (
				7C30188527B4C02D008F8A5F /* AppDelegate.h */,
				7C30188627B4C02D008F8A5F /* AppDelegate.m */,
				7C30188827B4C02D008F8A5F /* SceneDelegate.h */,
				7C30188927B4C02D008F8A5F /* SceneDelegate.m */,
				7C30188B27B4C02D008F8A5F /* ViewController.h */,
				7C30188C27B4C02D008F8A5F /* ViewController.m */,
				7C30188E27B4C02D008F8A5F /* Main.storyboard */,
				7C30189127B4C02E008F8A5F /* Assets.xcassets */,
				7C30189327B4C02E008F8A5F /* LaunchScreen.storyboard */,
				7C30189627B4C02E008F8A5F /* Info.plist */,
				7C30189727B4C02E008F8A5F /* main.m */,
				7C30189E27B4FF65008F8A5F /* AAViewController.h */,
				7C30189F27B4FF65008F8A5F /* AAViewController.m */,
			);
			path = testinvoke;
			sourceTree = "<group>";
		};
/* End PBXGroup section */

/* Begin PBXNativeTarget section */
		7C30188127B4C02D008F8A5F /* testinvoke */ = {
			isa = PBXNativeTarget;
			buildConfigurationList = 7C30189B27B4C02E008F8A5F /* Build configuration list for PBXNativeTarget "testinvoke" */;
			buildPhases = (
				7C30187E27B4C02D008F8A5F /* Sources */,
				7C30187F27B4C02D008F8A5F /* Frameworks */,
				7C30188027B4C02D008F8A5F /* Resources */,
			);
			buildRules = (
			);
			dependencies = (
			);
			name = testinvoke;
			productName = testinvoke;
			productReference = 7C30188227B4C02D008F8A5F /* testinvoke.app */;
			productType = "com.apple.product-type.application";
		};
/* End PBXNativeTarget section */

/* Begin PBXProject section */
		7C30187A27B4C02D008F8A5F /* Project object */ = {
			isa = PBXProject;
			attributes = {
				BuildIndependentTargetsInParallel = 1;
				LastUpgradeCheck = 1320;
				TargetAttributes = {
					7C30188127B4C02D008F8A5F = {
						CreatedOnToolsVersion = 13.2.1;
					};
				};
			};
			buildConfigurationList = 7C30187D27B4C02D008F8A5F /* Build configuration list for PBXProject "testinvoke" */;
			compatibilityVersion = "Xcode 13.0";
			developmentRegion = en;
			hasScannedForEncodings = 0;
			knownRegions = (
				en,
				Base,
			);
			mainGroup = 7C30187927B4C02C008F8A5F;
			productRefGroup = 7C30188327B4C02D008F8A5F /* Products */;
			projectDirPath = "";
			projectRoot = "";
			targets = (
				7C30188127B4C02D008F8A5F /* testinvoke */,
			);
		};
/* End PBXProject section */

/* Begin PBXResourcesBuildPhase section */
		7C30188027B4C02D008F8A5F /* Resources */ = {
			isa = PBXResourcesBuildPhase;
			buildActionMask = 2147483647;
			files = (
				7C30189527B4C02E008F8A5F /* LaunchScreen.storyboard in Resources */,
				7C30189227B4C02E008F8A5F /* Assets.xcassets in Resources */,
				7C30189027B4C02D008F8A5F /* Main.storyboard in Resources */,
			);
			runOnlyForDeploymentPostprocessing = 0;
		};
/* End PBXResourcesBuildPhase section */

/* Begin PBXSourcesBuildPhase section */
		7C30187E27B4C02D008F8A5F /* Sources */ = {
			isa = PBXSourcesBuildPhase;
			buildActionMask = 2147483647;
			files = (
				7C30188D27B4C02D008F8A5F /* ViewController.m in Sources */,
				7C30188727B4C02D008F8A5F /* AppDelegate.m in Sources */,
				7C30189827B4C02E008F8A5F /* main.m in Sources */,
				7C30188A27B4C02D008F8A5F /* SceneDelegate.m in Sources */,
				7C3018A027B4FF65008F8A5F /* AAViewController.m in Sources */,
			);
			runOnlyForDeploymentPostprocessing = 0;
		};
/* End PBXSourcesBuildPhase section */

/* Begin PBXVariantGroup section */
		7C30188E27B4C02D008F8A5F /* Main.storyboard */ = {
			isa = PBXVariantGroup;
			children = (
				7C30188F27B4C02D008F8A5F /* Base */,
			);
			name = Main.storyboard;
			sourceTree = "<group>";
		};
		7C30189327B4C02E008F8A5F /* LaunchScreen.storyboard */ = {
			isa = PBXVariantGroup;
			children = (
				7C30189427B4C02E008F8A5F /* Base */,
			);
			name = LaunchScreen.storyboard;
			sourceTree = "<group>";
		};
/* End PBXVariantGroup section */

/* Begin XCBuildConfiguration section */
		7C30189927B4C02E008F8A5F /* Debug */ = {
			isa = XCBuildConfiguration;
			buildSettings = {
				ALWAYS_SEARCH_USER_PATHS = NO;
				CLANG_ANALYZER_NONNULL = YES;
				CLANG_ANALYZER_NUMBER_OBJECT_CONVERSION = YES_AGGRESSIVE;
				CLANG_CXX_LANGUAGE_STANDARD = "gnu++17";
				CLANG_CXX_LIBRARY = "libc++";
				CLANG_ENABLE_MODULES = YES;
				CLANG_ENABLE_OBJC_ARC = YES;
				CLANG_ENABLE_OBJC_WEAK = YES;
				CLANG_WARN_BLOCK_CAPTURE_AUTORELEASING = YES;
				CLANG_WARN_BOOL_CONVERSION = YES;
				CLANG_WARN_COMMA = YES;
				CLANG_WARN_CONSTANT_CONVERSION = YES;
				CLANG_WARN_DEPRECATED_OBJC_IMPLEMENTATIONS = YES;
				CLANG_WARN_DIRECT_OBJC_ISA_USAGE = YES_ERROR;
				CLANG_WARN_DOCUMENTATION_COMMENTS = YES;
				CLANG_WARN_EMPTY_BODY = YES;
				CLANG_WARN_ENUM_CONVERSION = YES;
				CLANG_WARN_INFINITE_RECURSION = YES;
				CLANG_WARN_INT_CONVERSION = YES;
				CLANG_WARN_NON_LITERAL_NULL_CONVERSION = YES;
				CLANG_WARN_OBJC_IMPLICIT_RETAIN_SELF = YES;
				CLANG_WARN_OBJC_LITERAL_CONVERSION = YES;
				CLANG_WARN_OBJC_ROOT_CLASS = YES_ERROR;
				CLANG_WARN_QUOTED_INCLUDE_IN_FRAMEWORK_HEADER = YES;
				CLANG_WARN_RANGE_LOOP_ANALYSIS = YES;
				CLANG_WARN_STRICT_PROTOTYPES = YES;
				CLANG_WARN_SUSPICIOUS_MOVE = YES;
				CLANG_WARN_UNGUARDED_AVAILABILITY = YES_AGGRESSIVE;
				CLANG_WARN_UNREACHABLE_CODE = YES;
				CLANG_WARN__DUPLICATE_METHOD_MATCH = YES;
				COPY_PHASE_STRIP = NO;
				DEBUG_INFORMATION_FORMAT = dwarf;
				ENABLE_STRICT_OBJC_MSGSEND = YES;
				ENABLE_TESTABILITY = YES;
				GCC_C_LANGUAGE_STANDARD = gnu11;
				GCC_DYNAMIC_NO_PIC = NO;
				GCC_NO_COMMON_BLOCKS = YES;
				GCC_OPTIMIZATION_LEVEL = 0;
				GCC_PREPROCESSOR_DEFINITIONS = (
					"DEBUG=1",
					"$(inherited)",
				);
				GCC_WARN_64_TO_32_BIT_CONVERSION = YES;
				GCC_WARN_ABOUT_RETURN_TYPE = YES_ERROR;
				GCC_WARN_UNDECLARED_SELECTOR = YES;
				GCC_WARN_UNINITIALIZED_AUTOS = YES_AGGRESSIVE;
				GCC_WARN_UNUSED_FUNCTION = YES;
				GCC_WARN_UNUSED_VARIABLE = YES;
				IPHONEOS_DEPLOYMENT_TARGET = 15.2;
				MTL_ENABLE_DEBUG_INFO = INCLUDE_SOURCE;
				MTL_FAST_MATH = YES;
				ONLY_ACTIVE_ARCH = YES;
				SDKROOT = iphoneos;
			};
			name = Debug;
		};
		7C30189A27B4C02E008F8A5F /* Release */ = {
			isa = XCBuildConfiguration;
			buildSettings = {
				ALWAYS_SEARCH_USER_PATHS = NO;
				CLANG_ANALYZER_NONNULL = YES;
				CLANG_ANALYZER_NUMBER_OBJECT_CONVERSION = YES_AGGRESSIVE;
				CLANG_CXX_LANGUAGE_STANDARD = "gnu++17";
				CLANG_CXX_LIBRARY = "libc++";
				CLANG_ENABLE_MODULES = YES;
				CLANG_ENABLE_OBJC_ARC = YES;
				CLANG_ENABLE_OBJC_WEAK = YES;
				CLANG_WARN_BLOCK_CAPTURE_AUTORELEASING = YES;
				CLANG_WARN_BOOL_CONVERSION = YES;
				CLANG_WARN_COMMA = YES;
				CLANG_WARN_CONSTANT_CONVERSION = YES;
				CLANG_WARN_DEPRECATED_OBJC_IMPLEMENTATIONS = YES;
				CLANG_WARN_DIRECT_OBJC_ISA_USAGE = YES_ERROR;
				CLANG_WARN_DOCUMENTATION_COMMENTS = YES;
				CLANG_WARN_EMPTY_BODY = YES;
				CLANG_WARN_ENUM_CONVERSION = YES;
				CLANG_WARN_INFINITE_RECURSION = YES;
				CLANG_WARN_INT_CONVERSION = YES;
				CLANG_WARN_NON_LITERAL_NULL_CONVERSION = YES;
				CLANG_WARN_OBJC_IMPLICIT_RETAIN_SELF = YES;
				CLANG_WARN_OBJC_LITERAL_CONVERSION = YES;
				CLANG_WARN_OBJC_ROOT_CLASS = YES_ERROR;
				CLANG_WARN_QUOTED_INCLUDE_IN_FRAMEWORK_HEADER = YES;
				CLANG_WARN_RANGE_LOOP_ANALYSIS = YES;
				CLANG_WARN_STRICT_PROTOTYPES = YES;
				CLANG_WARN_SUSPICIOUS_MOVE = YES;
				CLANG_WARN_UNGUARDED_AVAILABILITY = YES_AGGRESSIVE;
				CLANG_WARN_UNREACHABLE_CODE = YES;
				CLANG_WARN__DUPLICATE_METHOD_MATCH = YES;
				COPY_PHASE_STRIP = NO;
				DEBUG_INFORMATION_FORMAT = "dwarf-with-dsym";
				ENABLE_NS_ASSERTIONS = NO;
				ENABLE_STRICT_OBJC_MSGSEND = YES;
				GCC_C_LANGUAGE_STANDARD = gnu11;
				GCC_NO_COMMON_BLOCKS = YES;
				GCC_WARN_64_TO_32_BIT_CONVERSION = YES;
				GCC_WARN_ABOUT_RETURN_TYPE = YES_ERROR;
				GCC_WARN_UNDECLARED_SELECTOR = YES;
				GCC_WARN_UNINITIALIZED_AUTOS = YES_AGGRESSIVE;
				GCC_WARN_UNUSED_FUNCTION = YES;
				GCC_WARN_UNUSED_VARIABLE = YES;
				IPHONEOS_DEPLOYMENT_TARGET = 15.2;
				MTL_ENABLE_DEBUG_INFO = NO;
				MTL_FAST_MATH = YES;
				SDKROOT = iphoneos;
				VALIDATE_PRODUCT = YES;
			};
			name = Release;
		};
		7C30189C27B4C02E008F8A5F /* Debug */ = {
			isa = XCBuildConfiguration;
			buildSettings = {
				ASSETCATALOG_COMPILER_APPICON_NAME = AppIcon;
				ASSETCATALOG_COMPILER_GLOBAL_ACCENT_COLOR_NAME = AccentColor;
				CODE_SIGN_STYLE = Automatic;
				CURRENT_PROJECT_VERSION = 1;
				GENERATE_INFOPLIST_FILE = YES;
				INFOPLIST_FILE = testinvoke/Info.plist;
				INFOPLIST_KEY_UIApplicationSupportsIndirectInputEvents = YES;
				INFOPLIST_KEY_UILaunchStoryboardName = LaunchScreen;
				INFOPLIST_KEY_UIMainStoryboardFile = Main;
				INFOPLIST_KEY_UISupportedInterfaceOrientations_iPad = "UIInterfaceOrientationPortrait UIInterfaceOrientationPortraitUpsideDown UIInterfaceOrientationLandscapeLeft UIInterfaceOrientationLandscapeRight";
				INFOPLIST_KEY_UISupportedInterfaceOrientations_iPhone = "UIInterfaceOrientationPortrait UIInterfaceOrientationLandscapeLeft UIInterfaceOrientationLandscapeRight";
				IPHONEOS_DEPLOYMENT_TARGET = 14.0;
				LD_RUNPATH_SEARCH_PATHS = (
					"$(inherited)",
					"@executable_path/Frameworks",
				);
				MARKETING_VERSION = 1.0;
				PRODUCT_BUNDLE_IDENTIFIER = com.karos.learnlua.testinvoke;
				PRODUCT_NAME = "$(TARGET_NAME)";
				SWIFT_EMIT_LOC_STRINGS = YES;
				TARGETED_DEVICE_FAMILY = "1,2";
			};
			name = Debug;
		};
		7C30189D27B4C02E008F8A5F /* Release */ = {
			isa = XCBuildConfiguration;
			buildSettings = {
				ASSETCATALOG_COMPILER_APPICON_NAME = AppIcon;
				ASSETCATALOG_COMPILER_GLOBAL_ACCENT_COLOR_NAME = AccentColor;
				CODE_SIGN_STYLE = Automatic;
				CURRENT_PROJECT_VERSION = 1;
				GENERATE_INFOPLIST_FILE = YES;
				INFOPLIST_FILE = testinvoke/Info.plist;
				INFOPLIST_KEY_UIApplicationSupportsIndirectInputEvents = YES;
				INFOPLIST_KEY_UILaunchStoryboardName = LaunchScreen;
				INFOPLIST_KEY_UIMainStoryboardFile = Main;
				INFOPLIST_KEY_UISupportedInterfaceOrientations_iPad = "UIInterfaceOrientationPortrait UIInterfaceOrientationPortraitUpsideDown UIInterfaceOrientationLandscapeLeft UIInterfaceOrientationLandscapeRight";
				INFOPLIST_KEY_UISupportedInterfaceOrientations_iPhone = "UIInterfaceOrientationPortrait UIInterfaceOrientationLandscapeLeft UIInterfaceOrientationLandscapeRight";
				IPHONEOS_DEPLOYMENT_TARGET = 14.0;
				LD_RUNPATH_SEARCH_PATHS = (
					"$(inherited)",
					"@executable_path/Frameworks",
				);
				MARKETING_VERSION = 1.0;
				PRODUCT_BUNDLE_IDENTIFIER = com.karos.learnlua.testinvoke;
				PRODUCT_NAME = "$(TARGET_NAME)";
				SWIFT_EMIT_LOC_STRINGS = YES;
				TARGETED_DEVICE_FAMILY = "1,2";
			};
			name = Release;
		};
/* End XCBuildConfiguration section */

/* Begin XCConfigurationList section */
		7C30187D27B4C02D008F8A5F /* Build configuration list for PBXProject "testinvoke" */ = {
			isa = XCConfigurationList;
			buildConfigurations = (
				7C30189927B4C02E008F8A5F /* Debug */,
				7C30189A27B4C02E008F8A5F /* Release */,
			);
			defaultConfigurationIsVisible = 0;
			defaultConfigurationName = Release;
		};
		7C30189B27B4C02E008F8A5F /* Build configuration list for PBXNativeTarget "testinvoke" */ = {
			isa = XCConfigurationList;
			buildConfigurations = (
				7C30189C27B4C02E008F8A5F /* Debug */,
				7C30189D27B4C02E008F8A5F /* Release */,
			);
			defaultConfigurationIsVisible = 0;
			defaultConfigurationName = Release;
		};
/* End XCConfigurationList section */
	};
	rootObject = 7C30187A27B4C02D008F8A5F /* Project object */;
}
